
Microsoft Visual Studio Solution File, Format Version 12.00
# Visual Studio Version 17
VisualStudioVersion = 17.1.32328.378
MinimumVisualStudioVersion = 10.0.40219.1
Project("{9A19103F-16F7-4668-BE54-9A1E7A4F7556}") = "EventsSolution", "EventsSolution.csproj", "{A32D3A1D-C0D8-4699-92E3-6D22F73451CF}"
EndProject
Global
	GlobalSection(SolutionConfigurationPlatforms) = preSolution
		Debug|Any CPU = Debug|Any CPU
		Release|Any CPU = Release|Any CPU
	EndGlobalSection
	GlobalSection(ProjectConfigurationPlatforms) = postSolution
		{A32D3A1D-C0D8-4699-92E3-6D22F73451CF}.Debug|Any CPU.ActiveCfg = Debug|Any CPU
		{A32D3A1D-C0D8-4699-92E3-6D22F73451CF}.Debug|Any CPU.Build.0 = Debug|Any CPU
		{A32D3A1D-C0D8-4699-92E3-6D22F73451CF}.Release|Any CPU.ActiveCfg = Release|Any CPU
		{A32D3A1D-C0D8-4699-92E3-6D22F73451CF}.Release|Any CPU.Build.0 = Release|Any CPU
	EndGlobalSection
	GlobalSection(SolutionProperties) = preSolution
		HideSolutionNode = FALSE
	EndGlobalSection
	GlobalSection(ExtensibilityGlobals) = postSolution
		SolutionGuid = {18A7C6FE-767E-414F-8910-6FDC423EA71A}
	EndGlobalSection
EndGlobal
