
Microsoft Visual Studio Solution File, Format Version 12.00
# Visual Studio Version 16
VisualStudioVersion = 16.0.31702.278
MinimumVisualStudioVersion = 10.0.40219.1
Project("{9A19103F-16F7-4668-BE54-9A1E7A4F7556}") = "ESStore.Api", "ESStore.Api\ESStore.Api.csproj", "{371EAEB0-B4EF-467B-9F9E-97AE289248D3}"
EndProject
Project("{9A19103F-16F7-4668-BE54-9A1E7A4F7556}") = "ESStore.Application", "ESStore.Application\ESStore.Application.csproj", "{A7015CA2-06E0-446C-A214-62E6D32878EE}"
EndProject
Project("{9A19103F-16F7-4668-BE54-9A1E7A4F7556}") = "ESStore.Domain", "ESStore.Domain\ESStore.Domain.csproj", "{56C3CAC6-A823-498D-9F9D-2134B5406AA2}"
EndProject
Project("{9A19103F-16F7-4668-BE54-9A1E7A4F7556}") = "ESStore.Infrastructure.IoC", "ESStore.Infrastructure.IoC\ESStore.Infrastructure.IoC.csproj", "{AD7A724C-8717-417C-81B9-663E8FE5DC8A}"
EndProject
Project("{9A19103F-16F7-4668-BE54-9A1E7A4F7556}") = "ESStore.Infrastructure.Data", "ESStore.Infrastructure.Data\ESStore.Infrastructure.Data.csproj", "{DD299CB1-4917-4918-842C-6E02036BCD82}"
EndProject
Project("{2150E333-8FDC-42A3-9474-1A3956D46DE8}") = "Services", "Services", "{A565021B-D588-4C4F-BDC7-8EA3B8A3A803}"
EndProject
Project("{2150E333-8FDC-42A3-9474-1A3956D46DE8}") = "EventStore", "EventStore", "{952ECE86-76C4-4A14-AAF7-C0260F10669B}"
EndProject
Project("{2150E333-8FDC-42A3-9474-1A3956D46DE8}") = "BuildingBlocks", "BuildingBlocks", "{BA2856F8-AFFE-4166-A137-46C1C32ED4ED}"
EndProject
Project("{2150E333-8FDC-42A3-9474-1A3956D46DE8}") = "ClientApps", "ClientApps", "{9B43C018-8DD8-4EFC-B98F-34F3DC796F04}"
EndProject
Project("{FAE04EC0-301F-11D3-BF4B-00C04F79EFBC}") = "ESStore.Infrastructure.RabbitEventBus", "ESStore.Infrastructure.RabbitEventBus\ESStore.Infrastructure.RabbitEventBus.csproj", "{4F1B215A-A65F-43F8-AC4A-5FE7D1060AA3}"
EndProject
Global
	GlobalSection(SolutionConfigurationPlatforms) = preSolution
		Debug|Any CPU = Debug|Any CPU
		Release|Any CPU = Release|Any CPU
	EndGlobalSection
	GlobalSection(ProjectConfigurationPlatforms) = postSolution
		{371EAEB0-B4EF-467B-9F9E-97AE289248D3}.Debug|Any CPU.ActiveCfg = Debug|Any CPU
		{371EAEB0-B4EF-467B-9F9E-97AE289248D3}.Debug|Any CPU.Build.0 = Debug|Any CPU
		{371EAEB0-B4EF-467B-9F9E-97AE289248D3}.Release|Any CPU.ActiveCfg = Release|Any CPU
		{371EAEB0-B4EF-467B-9F9E-97AE289248D3}.Release|Any CPU.Build.0 = Release|Any CPU
		{A7015CA2-06E0-446C-A214-62E6D32878EE}.Debug|Any CPU.ActiveCfg = Debug|Any CPU
		{A7015CA2-06E0-446C-A214-62E6D32878EE}.Debug|Any CPU.Build.0 = Debug|Any CPU
		{A7015CA2-06E0-446C-A214-62E6D32878EE}.Release|Any CPU.ActiveCfg = Release|Any CPU
		{A7015CA2-06E0-446C-A214-62E6D32878EE}.Release|Any CPU.Build.0 = Release|Any CPU
		{56C3CAC6-A823-498D-9F9D-2134B5406AA2}.Debug|Any CPU.ActiveCfg = Debug|Any CPU
		{56C3CAC6-A823-498D-9F9D-2134B5406AA2}.Debug|Any CPU.Build.0 = Debug|Any CPU
		{56C3CAC6-A823-498D-9F9D-2134B5406AA2}.Release|Any CPU.ActiveCfg = Release|Any CPU
		{56C3CAC6-A823-498D-9F9D-2134B5406AA2}.Release|Any CPU.Build.0 = Release|Any CPU
		{AD7A724C-8717-417C-81B9-663E8FE5DC8A}.Debug|Any CPU.ActiveCfg = Debug|Any CPU
		{AD7A724C-8717-417C-81B9-663E8FE5DC8A}.Debug|Any CPU.Build.0 = Debug|Any CPU
		{AD7A724C-8717-417C-81B9-663E8FE5DC8A}.Release|Any CPU.ActiveCfg = Release|Any CPU
		{AD7A724C-8717-417C-81B9-663E8FE5DC8A}.Release|Any CPU.Build.0 = Release|Any CPU
		{DD299CB1-4917-4918-842C-6E02036BCD82}.Debug|Any CPU.ActiveCfg = Debug|Any CPU
		{DD299CB1-4917-4918-842C-6E02036BCD82}.Debug|Any CPU.Build.0 = Debug|Any CPU
		{DD299CB1-4917-4918-842C-6E02036BCD82}.Release|Any CPU.ActiveCfg = Release|Any CPU
		{DD299CB1-4917-4918-842C-6E02036BCD82}.Release|Any CPU.Build.0 = Release|Any CPU
		{4F1B215A-A65F-43F8-AC4A-5FE7D1060AA3}.Debug|Any CPU.ActiveCfg = Debug|Any CPU
		{4F1B215A-A65F-43F8-AC4A-5FE7D1060AA3}.Debug|Any CPU.Build.0 = Debug|Any CPU
		{4F1B215A-A65F-43F8-AC4A-5FE7D1060AA3}.Release|Any CPU.ActiveCfg = Release|Any CPU
		{4F1B215A-A65F-43F8-AC4A-5FE7D1060AA3}.Release|Any CPU.Build.0 = Release|Any CPU
	EndGlobalSection
	GlobalSection(SolutionProperties) = preSolution
		HideSolutionNode = FALSE
	EndGlobalSection
	GlobalSection(NestedProjects) = preSolution
		{371EAEB0-B4EF-467B-9F9E-97AE289248D3} = {952ECE86-76C4-4A14-AAF7-C0260F10669B}
		{A7015CA2-06E0-446C-A214-62E6D32878EE} = {952ECE86-76C4-4A14-AAF7-C0260F10669B}
		{56C3CAC6-A823-498D-9F9D-2134B5406AA2} = {952ECE86-76C4-4A14-AAF7-C0260F10669B}
		{AD7A724C-8717-417C-81B9-663E8FE5DC8A} = {952ECE86-76C4-4A14-AAF7-C0260F10669B}
		{DD299CB1-4917-4918-842C-6E02036BCD82} = {952ECE86-76C4-4A14-AAF7-C0260F10669B}
		{952ECE86-76C4-4A14-AAF7-C0260F10669B} = {A565021B-D588-4C4F-BDC7-8EA3B8A3A803}
		{4F1B215A-A65F-43F8-AC4A-5FE7D1060AA3} = {952ECE86-76C4-4A14-AAF7-C0260F10669B}
	EndGlobalSection
	GlobalSection(ExtensibilityGlobals) = postSolution
		SolutionGuid = {5EAF5378-C80B-42DE-B3ED-F1A26C285CE3}
	EndGlobalSection
EndGlobal
