
Microsoft Visual Studio Solution File, Format Version 12.00
# Visual Studio Version 16
VisualStudioVersion = 16.0.31729.503
MinimumVisualStudioVersion = 10.0.40219.1
Project("{9A19103F-16F7-4668-BE54-9A1E7A4F7556}") = "Graphapi.Data", "Graphapi.Data\Graphapi.Data.csproj", "{376A1C4A-CAFE-4FA0-BF91-53A597B9D160}"
EndProject
Project("{9A19103F-16F7-4668-BE54-9A1E7A4F7556}") = "Graphapi.Api", "Graphapi.Api\Graphapi.Api.csproj", "{6A8CCE12-DF89-4658-9FD2-6A67E9ECDF27}"
EndProject
Project("{9A19103F-16F7-4668-BE54-9A1E7A4F7556}") = "Graphapi.Graphql", "Graphapi.Graphql\Graphapi.Graphql.csproj", "{7337F5F6-5A57-4ED2-8822-32AC4E14F2A8}"
EndProject
Project("{FAE04EC0-301F-11D3-BF4B-00C04F79EFBC}") = "Graphapi.TestProject", "Graphapi.TestProject\Graphapi.TestProject.csproj", "{407199EC-707A-4DF9-9684-C932D4AF9828}"
EndProject
Global
	GlobalSection(SolutionConfigurationPlatforms) = preSolution
		Debug|Any CPU = Debug|Any CPU
		Release|Any CPU = Release|Any CPU
	EndGlobalSection
	GlobalSection(ProjectConfigurationPlatforms) = postSolution
		{376A1C4A-CAFE-4FA0-BF91-53A597B9D160}.Debug|Any CPU.ActiveCfg = Debug|Any CPU
		{376A1C4A-CAFE-4FA0-BF91-53A597B9D160}.Debug|Any CPU.Build.0 = Debug|Any CPU
		{376A1C4A-CAFE-4FA0-BF91-53A597B9D160}.Release|Any CPU.ActiveCfg = Release|Any CPU
		{376A1C4A-CAFE-4FA0-BF91-53A597B9D160}.Release|Any CPU.Build.0 = Release|Any CPU
		{6A8CCE12-DF89-4658-9FD2-6A67E9ECDF27}.Debug|Any CPU.ActiveCfg = Debug|Any CPU
		{6A8CCE12-DF89-4658-9FD2-6A67E9ECDF27}.Debug|Any CPU.Build.0 = Debug|Any CPU
		{6A8CCE12-DF89-4658-9FD2-6A67E9ECDF27}.Release|Any CPU.ActiveCfg = Release|Any CPU
		{6A8CCE12-DF89-4658-9FD2-6A67E9ECDF27}.Release|Any CPU.Build.0 = Release|Any CPU
		{7337F5F6-5A57-4ED2-8822-32AC4E14F2A8}.Debug|Any CPU.ActiveCfg = Debug|Any CPU
		{7337F5F6-5A57-4ED2-8822-32AC4E14F2A8}.Debug|Any CPU.Build.0 = Debug|Any CPU
		{7337F5F6-5A57-4ED2-8822-32AC4E14F2A8}.Release|Any CPU.ActiveCfg = Release|Any CPU
		{7337F5F6-5A57-4ED2-8822-32AC4E14F2A8}.Release|Any CPU.Build.0 = Release|Any CPU
		{407199EC-707A-4DF9-9684-C932D4AF9828}.Debug|Any CPU.ActiveCfg = Debug|Any CPU
		{407199EC-707A-4DF9-9684-C932D4AF9828}.Debug|Any CPU.Build.0 = Debug|Any CPU
		{407199EC-707A-4DF9-9684-C932D4AF9828}.Release|Any CPU.ActiveCfg = Release|Any CPU
		{407199EC-707A-4DF9-9684-C932D4AF9828}.Release|Any CPU.Build.0 = Release|Any CPU
	EndGlobalSection
	GlobalSection(SolutionProperties) = preSolution
		HideSolutionNode = FALSE
	EndGlobalSection
	GlobalSection(ExtensibilityGlobals) = postSolution
		SolutionGuid = {94FE53A5-D1ED-474F-8433-0342347CEA7E}
	EndGlobalSection
EndGlobal
