
Microsoft Visual Studio Solution File, Format Version 12.00
# Visual Studio Version 17
VisualStudioVersion = 17.1.32328.378
MinimumVisualStudioVersion = 10.0.40219.1
Project("{9A19103F-16F7-4668-BE54-9A1E7A4F7556}") = "BasicEvents", "BasicEvents.csproj", "{75AE0C53-37E9-4B73-94AE-4CA2F1EC2D22}"
EndProject
Global
	GlobalSection(SolutionConfigurationPlatforms) = preSolution
		Debug|Any CPU = Debug|Any CPU
		Release|Any CPU = Release|Any CPU
	EndGlobalSection
	GlobalSection(ProjectConfigurationPlatforms) = postSolution
		{75AE0C53-37E9-4B73-94AE-4CA2F1EC2D22}.Debug|Any CPU.ActiveCfg = Debug|Any CPU
		{75AE0C53-37E9-4B73-94AE-4CA2F1EC2D22}.Debug|Any CPU.Build.0 = Debug|Any CPU
		{75AE0C53-37E9-4B73-94AE-4CA2F1EC2D22}.Release|Any CPU.ActiveCfg = Release|Any CPU
		{75AE0C53-37E9-4B73-94AE-4CA2F1EC2D22}.Release|Any CPU.Build.0 = Release|Any CPU
	EndGlobalSection
	GlobalSection(SolutionProperties) = preSolution
		HideSolutionNode = FALSE
	EndGlobalSection
	GlobalSection(ExtensibilityGlobals) = postSolution
		SolutionGuid = {E9CE42DF-415C-4347-B273-B41A2DF42489}
	EndGlobalSection
EndGlobal
