
Microsoft Visual Studio Solution File, Format Version 12.00
# Visual Studio 15
VisualStudioVersion = 15.0.28307.852
MinimumVisualStudioVersion = 10.0.40219.1
Project("{FAE04EC0-301F-11D3-BF4B-00C04F79EFBC}") = "CircuitBreakerPattern", "CircuitBreakerPattern.csproj", "{5228B143-77B1-40D8-9988-38CD1816829C}"
EndProject
Global
	GlobalSection(SolutionConfigurationPlatforms) = preSolution
		Debug|Any CPU = Debug|Any CPU
		Release|Any CPU = Release|Any CPU
	EndGlobalSection
	GlobalSection(ProjectConfigurationPlatforms) = postSolution
		{5228B143-77B1-40D8-9988-38CD1816829C}.Debug|Any CPU.ActiveCfg = Debug|Any CPU
		{5228B143-77B1-40D8-9988-38CD1816829C}.Debug|Any CPU.Build.0 = Debug|Any CPU
		{5228B143-77B1-40D8-9988-38CD1816829C}.Release|Any CPU.ActiveCfg = Release|Any CPU
		{5228B143-77B1-40D8-9988-38CD1816829C}.Release|Any CPU.Build.0 = Release|Any CPU
	EndGlobalSection
	GlobalSection(SolutionProperties) = preSolution
		HideSolutionNode = FALSE
	EndGlobalSection
	GlobalSection(ExtensibilityGlobals) = postSolution
		SolutionGuid = {6FD83040-ACF5-4EA0-8581-678655F9743C}
	EndGlobalSection
EndGlobal
