
Microsoft Visual Studio Solution File, Format Version 12.00
# Visual Studio Version 17
VisualStudioVersion = 17.1.32228.430
MinimumVisualStudioVersion = 10.0.40219.1
Project("{2150E333-8FDC-42A3-9474-1A3956D46DE8}") = "Services", "Services", "{65FC1C68-B92A-44F2-BBCA-1BE4A2385160}"
EndProject
Project("{2150E333-8FDC-42A3-9474-1A3956D46DE8}") = "Web", "Web", "{746F3AF0-442B-42C8-962F-51598706D10B}"
EndProject
Project("{2150E333-8FDC-42A3-9474-1A3956D46DE8}") = "BackOffice", "BackOffice", "{008D0DC5-6F7C-4789-9D1A-95FA5E350177}"
EndProject
Project("{9A19103F-16F7-4668-BE54-9A1E7A4F7556}") = "BackOffice.Api", "Services\BackOffice\BackOffice.Api\BackOffice.Api.csproj", "{25C83A99-D3D0-4DEA-8EB7-5B137DB269F2}"
EndProject
Project("{9A19103F-16F7-4668-BE54-9A1E7A4F7556}") = "BackOffice.Application", "Services\BackOffice\BackOffice.Application\BackOffice.Application.csproj", "{44234774-6A01-4D29-B578-5AF104A99AE4}"
EndProject
Project("{9A19103F-16F7-4668-BE54-9A1E7A4F7556}") = "BackOffice.Domain", "Services\BackOffice\BackOffice.Domain\BackOffice.Domain.csproj", "{D7B8BA16-9693-4F61-BBA1-8C940F838B98}"
EndProject
Project("{2150E333-8FDC-42A3-9474-1A3956D46DE8}") = "BuildingBlocks", "BuildingBlocks", "{7BBC8290-309E-495C-86D7-75DB432E6E84}"
EndProject
Project("{2150E333-8FDC-42A3-9474-1A3956D46DE8}") = "EventBus", "EventBus", "{3E61FD36-A22C-426F-838B-2D4B8C94F6FE}"
EndProject
Project("{2150E333-8FDC-42A3-9474-1A3956D46DE8}") = "SharedKernel", "SharedKernel", "{41608B9A-1076-4D07-B59B-67AAC1CC2991}"
EndProject
Project("{9A19103F-16F7-4668-BE54-9A1E7A4F7556}") = "SkillMap.SharedKernel", "BuildingBlocks\SharedKernel\SkillMap.SharedKernel\SkillMap.SharedKernel.csproj", "{B1FB9250-D464-4D33-A621-27D326213B2C}"
EndProject
Project("{2150E333-8FDC-42A3-9474-1A3956D46DE8}") = "SkillMap", "SkillMap", "{7873C711-7BC0-4C57-B353-B585257C2932}"
EndProject
Project("{9A19103F-16F7-4668-BE54-9A1E7A4F7556}") = "SkillMap.Domain", "Services\SkillMap\SkillMap.Domain\SkillMap.Domain.csproj", "{F9B023BF-B602-4ED0-9356-62655F4077DF}"
EndProject
Project("{9A19103F-16F7-4668-BE54-9A1E7A4F7556}") = "BackOffice.Infrastructure.EF", "Services\BackOffice\BackOffice.Infrastructure.EF\BackOffice.Infrastructure.EF.csproj", "{BF927F25-3946-425C-8FA2-7AC08BDB263D}"
EndProject
Project("{9A19103F-16F7-4668-BE54-9A1E7A4F7556}") = "BackOffice.Models", "Services\BackOffice\BackOffice.Models\BackOffice.Models.csproj", "{6EA31DBC-FAC3-4787-88FE-0A52327E5E98}"
EndProject
Project("{9A19103F-16F7-4668-BE54-9A1E7A4F7556}") = "BackOffice.GraphApi", "Services\BackOffice\BackOffice.GraphApi\BackOffice.GraphApi.csproj", "{375371E7-5F26-4DFF-8714-1EC6785079ED}"
EndProject
Project("{2150E333-8FDC-42A3-9474-1A3956D46DE8}") = "EventStore", "EventStore", "{56673BA7-C6EB-49DB-A778-748A811B48F3}"
EndProject
Project("{9A19103F-16F7-4668-BE54-9A1E7A4F7556}") = "EventStore.Library", "BuildingBlocks\EventStore\EventStore.Library\EventStore.Library.csproj", "{C600895B-F2F1-437F-B390-0E497D3A60EB}"
EndProject
Project("{9A19103F-16F7-4668-BE54-9A1E7A4F7556}") = "SkillMap.EventBus", "BuildingBlocks\EventBus\SkillMap.EventBus\SkillMap.EventBus.csproj", "{F2BA6200-A86A-4A92-A51B-F1B29A5C9680}"
EndProject
Project("{9A19103F-16F7-4668-BE54-9A1E7A4F7556}") = "SkillMap.Validator", "BuildingBlocks\Validator\SkillMap.Validator\SkillMap.Validator.csproj", "{844108B0-DEF6-443E-BD0A-889E4DC5C704}"
EndProject
Project("{2150E333-8FDC-42A3-9474-1A3956D46DE8}") = "Validator", "Validator", "{E4E55E57-2103-4C5B-B369-F2FF6A76C87B}"
EndProject
Project("{9A19103F-16F7-4668-BE54-9A1E7A4F7556}") = "SkillMap.EventBus.RabbitMQ", "BuildingBlocks\EventBus\SkillMap.EventBus.RabbitMQ\SkillMap.EventBus.RabbitMQ\SkillMap.EventBus.RabbitMQ.csproj", "{844E9BB6-E5BC-48E0-9C27-190478536A55}"
EndProject
Project("{9A19103F-16F7-4668-BE54-9A1E7A4F7556}") = "SkillMap.EventBus.Azure", "BuildingBlocks\EventBus\SkillMap.EventBus.Azure\SkillMap.EventBus.Azure.csproj", "{6E08AE5C-0291-4110-A38D-6377B539460B}"
EndProject
Project("{FAE04EC0-301F-11D3-BF4B-00C04F79EFBC}") = "SkillMap.EventBus.EvenLogF", "BuildingBlocks\EventBus\SkillMap.EventBus.EvenLogF\SkillMap.EventBus.EvenLogF.csproj", "{6E19B59D-3DA4-490B-B913-731CD08CAE22}"
EndProject
Global
	GlobalSection(SolutionConfigurationPlatforms) = preSolution
		Debug|Any CPU = Debug|Any CPU
		Release|Any CPU = Release|Any CPU
	EndGlobalSection
	GlobalSection(ProjectConfigurationPlatforms) = postSolution
		{25C83A99-D3D0-4DEA-8EB7-5B137DB269F2}.Debug|Any CPU.ActiveCfg = Debug|Any CPU
		{25C83A99-D3D0-4DEA-8EB7-5B137DB269F2}.Debug|Any CPU.Build.0 = Debug|Any CPU
		{25C83A99-D3D0-4DEA-8EB7-5B137DB269F2}.Release|Any CPU.ActiveCfg = Release|Any CPU
		{25C83A99-D3D0-4DEA-8EB7-5B137DB269F2}.Release|Any CPU.Build.0 = Release|Any CPU
		{44234774-6A01-4D29-B578-5AF104A99AE4}.Debug|Any CPU.ActiveCfg = Debug|Any CPU
		{44234774-6A01-4D29-B578-5AF104A99AE4}.Debug|Any CPU.Build.0 = Debug|Any CPU
		{44234774-6A01-4D29-B578-5AF104A99AE4}.Release|Any CPU.ActiveCfg = Release|Any CPU
		{44234774-6A01-4D29-B578-5AF104A99AE4}.Release|Any CPU.Build.0 = Release|Any CPU
		{D7B8BA16-9693-4F61-BBA1-8C940F838B98}.Debug|Any CPU.ActiveCfg = Debug|Any CPU
		{D7B8BA16-9693-4F61-BBA1-8C940F838B98}.Debug|Any CPU.Build.0 = Debug|Any CPU
		{D7B8BA16-9693-4F61-BBA1-8C940F838B98}.Release|Any CPU.ActiveCfg = Release|Any CPU
		{D7B8BA16-9693-4F61-BBA1-8C940F838B98}.Release|Any CPU.Build.0 = Release|Any CPU
		{B1FB9250-D464-4D33-A621-27D326213B2C}.Debug|Any CPU.ActiveCfg = Debug|Any CPU
		{B1FB9250-D464-4D33-A621-27D326213B2C}.Debug|Any CPU.Build.0 = Debug|Any CPU
		{B1FB9250-D464-4D33-A621-27D326213B2C}.Release|Any CPU.ActiveCfg = Release|Any CPU
		{B1FB9250-D464-4D33-A621-27D326213B2C}.Release|Any CPU.Build.0 = Release|Any CPU
		{F9B023BF-B602-4ED0-9356-62655F4077DF}.Debug|Any CPU.ActiveCfg = Debug|Any CPU
		{F9B023BF-B602-4ED0-9356-62655F4077DF}.Debug|Any CPU.Build.0 = Debug|Any CPU
		{F9B023BF-B602-4ED0-9356-62655F4077DF}.Release|Any CPU.ActiveCfg = Release|Any CPU
		{F9B023BF-B602-4ED0-9356-62655F4077DF}.Release|Any CPU.Build.0 = Release|Any CPU
		{BF927F25-3946-425C-8FA2-7AC08BDB263D}.Debug|Any CPU.ActiveCfg = Debug|Any CPU
		{BF927F25-3946-425C-8FA2-7AC08BDB263D}.Debug|Any CPU.Build.0 = Debug|Any CPU
		{BF927F25-3946-425C-8FA2-7AC08BDB263D}.Release|Any CPU.ActiveCfg = Release|Any CPU
		{BF927F25-3946-425C-8FA2-7AC08BDB263D}.Release|Any CPU.Build.0 = Release|Any CPU
		{6EA31DBC-FAC3-4787-88FE-0A52327E5E98}.Debug|Any CPU.ActiveCfg = Debug|Any CPU
		{6EA31DBC-FAC3-4787-88FE-0A52327E5E98}.Debug|Any CPU.Build.0 = Debug|Any CPU
		{6EA31DBC-FAC3-4787-88FE-0A52327E5E98}.Release|Any CPU.ActiveCfg = Release|Any CPU
		{6EA31DBC-FAC3-4787-88FE-0A52327E5E98}.Release|Any CPU.Build.0 = Release|Any CPU
		{375371E7-5F26-4DFF-8714-1EC6785079ED}.Debug|Any CPU.ActiveCfg = Debug|Any CPU
		{375371E7-5F26-4DFF-8714-1EC6785079ED}.Debug|Any CPU.Build.0 = Debug|Any CPU
		{375371E7-5F26-4DFF-8714-1EC6785079ED}.Release|Any CPU.ActiveCfg = Release|Any CPU
		{375371E7-5F26-4DFF-8714-1EC6785079ED}.Release|Any CPU.Build.0 = Release|Any CPU
		{C600895B-F2F1-437F-B390-0E497D3A60EB}.Debug|Any CPU.ActiveCfg = Debug|Any CPU
		{C600895B-F2F1-437F-B390-0E497D3A60EB}.Debug|Any CPU.Build.0 = Debug|Any CPU
		{C600895B-F2F1-437F-B390-0E497D3A60EB}.Release|Any CPU.ActiveCfg = Release|Any CPU
		{C600895B-F2F1-437F-B390-0E497D3A60EB}.Release|Any CPU.Build.0 = Release|Any CPU
		{F2BA6200-A86A-4A92-A51B-F1B29A5C9680}.Debug|Any CPU.ActiveCfg = Debug|Any CPU
		{F2BA6200-A86A-4A92-A51B-F1B29A5C9680}.Debug|Any CPU.Build.0 = Debug|Any CPU
		{F2BA6200-A86A-4A92-A51B-F1B29A5C9680}.Release|Any CPU.ActiveCfg = Release|Any CPU
		{F2BA6200-A86A-4A92-A51B-F1B29A5C9680}.Release|Any CPU.Build.0 = Release|Any CPU
		{844108B0-DEF6-443E-BD0A-889E4DC5C704}.Debug|Any CPU.ActiveCfg = Debug|Any CPU
		{844108B0-DEF6-443E-BD0A-889E4DC5C704}.Debug|Any CPU.Build.0 = Debug|Any CPU
		{844108B0-DEF6-443E-BD0A-889E4DC5C704}.Release|Any CPU.ActiveCfg = Release|Any CPU
		{844108B0-DEF6-443E-BD0A-889E4DC5C704}.Release|Any CPU.Build.0 = Release|Any CPU
		{844E9BB6-E5BC-48E0-9C27-190478536A55}.Debug|Any CPU.ActiveCfg = Debug|Any CPU
		{844E9BB6-E5BC-48E0-9C27-190478536A55}.Debug|Any CPU.Build.0 = Debug|Any CPU
		{844E9BB6-E5BC-48E0-9C27-190478536A55}.Release|Any CPU.ActiveCfg = Release|Any CPU
		{844E9BB6-E5BC-48E0-9C27-190478536A55}.Release|Any CPU.Build.0 = Release|Any CPU
		{6E08AE5C-0291-4110-A38D-6377B539460B}.Debug|Any CPU.ActiveCfg = Debug|Any CPU
		{6E08AE5C-0291-4110-A38D-6377B539460B}.Debug|Any CPU.Build.0 = Debug|Any CPU
		{6E08AE5C-0291-4110-A38D-6377B539460B}.Release|Any CPU.ActiveCfg = Release|Any CPU
		{6E08AE5C-0291-4110-A38D-6377B539460B}.Release|Any CPU.Build.0 = Release|Any CPU
		{6E19B59D-3DA4-490B-B913-731CD08CAE22}.Debug|Any CPU.ActiveCfg = Debug|Any CPU
		{6E19B59D-3DA4-490B-B913-731CD08CAE22}.Debug|Any CPU.Build.0 = Debug|Any CPU
		{6E19B59D-3DA4-490B-B913-731CD08CAE22}.Release|Any CPU.ActiveCfg = Release|Any CPU
		{6E19B59D-3DA4-490B-B913-731CD08CAE22}.Release|Any CPU.Build.0 = Release|Any CPU
	EndGlobalSection
	GlobalSection(SolutionProperties) = preSolution
		HideSolutionNode = FALSE
	EndGlobalSection
	GlobalSection(NestedProjects) = preSolution
		{008D0DC5-6F7C-4789-9D1A-95FA5E350177} = {65FC1C68-B92A-44F2-BBCA-1BE4A2385160}
		{25C83A99-D3D0-4DEA-8EB7-5B137DB269F2} = {008D0DC5-6F7C-4789-9D1A-95FA5E350177}
		{44234774-6A01-4D29-B578-5AF104A99AE4} = {008D0DC5-6F7C-4789-9D1A-95FA5E350177}
		{D7B8BA16-9693-4F61-BBA1-8C940F838B98} = {008D0DC5-6F7C-4789-9D1A-95FA5E350177}
		{3E61FD36-A22C-426F-838B-2D4B8C94F6FE} = {7BBC8290-309E-495C-86D7-75DB432E6E84}
		{41608B9A-1076-4D07-B59B-67AAC1CC2991} = {7BBC8290-309E-495C-86D7-75DB432E6E84}
		{B1FB9250-D464-4D33-A621-27D326213B2C} = {41608B9A-1076-4D07-B59B-67AAC1CC2991}
		{7873C711-7BC0-4C57-B353-B585257C2932} = {65FC1C68-B92A-44F2-BBCA-1BE4A2385160}
		{F9B023BF-B602-4ED0-9356-62655F4077DF} = {7873C711-7BC0-4C57-B353-B585257C2932}
		{BF927F25-3946-425C-8FA2-7AC08BDB263D} = {008D0DC5-6F7C-4789-9D1A-95FA5E350177}
		{6EA31DBC-FAC3-4787-88FE-0A52327E5E98} = {008D0DC5-6F7C-4789-9D1A-95FA5E350177}
		{375371E7-5F26-4DFF-8714-1EC6785079ED} = {008D0DC5-6F7C-4789-9D1A-95FA5E350177}
		{56673BA7-C6EB-49DB-A778-748A811B48F3} = {7BBC8290-309E-495C-86D7-75DB432E6E84}
		{C600895B-F2F1-437F-B390-0E497D3A60EB} = {56673BA7-C6EB-49DB-A778-748A811B48F3}
		{F2BA6200-A86A-4A92-A51B-F1B29A5C9680} = {3E61FD36-A22C-426F-838B-2D4B8C94F6FE}
		{844108B0-DEF6-443E-BD0A-889E4DC5C704} = {E4E55E57-2103-4C5B-B369-F2FF6A76C87B}
		{E4E55E57-2103-4C5B-B369-F2FF6A76C87B} = {7BBC8290-309E-495C-86D7-75DB432E6E84}
		{844E9BB6-E5BC-48E0-9C27-190478536A55} = {3E61FD36-A22C-426F-838B-2D4B8C94F6FE}
		{6E08AE5C-0291-4110-A38D-6377B539460B} = {3E61FD36-A22C-426F-838B-2D4B8C94F6FE}
		{6E19B59D-3DA4-490B-B913-731CD08CAE22} = {3E61FD36-A22C-426F-838B-2D4B8C94F6FE}
	EndGlobalSection
	GlobalSection(ExtensibilityGlobals) = postSolution
		SolutionGuid = {0512E257-28FA-4BA3-976D-B78B3E748D96}
	EndGlobalSection
EndGlobal
