
Microsoft Visual Studio Solution File, Format Version 12.00
# Visual Studio 15
VisualStudioVersion = 15.0.28307.852
MinimumVisualStudioVersion = 10.0.40219.1
Project("{FAE04EC0-301F-11D3-BF4B-00C04F79EFBC}") = "ConsoleRedisCacheDemo1", "ConsoleRedisCacheDemo1\ConsoleRedisCacheDemo1.csproj", "{C3ED6A79-F7DA-4C9D-911D-5A8FF1DA58F9}"
EndProject
Global
	GlobalSection(SolutionConfigurationPlatforms) = preSolution
		Debug|Any CPU = Debug|Any CPU
		Release|Any CPU = Release|Any CPU
	EndGlobalSection
	GlobalSection(ProjectConfigurationPlatforms) = postSolution
		{C3ED6A79-F7DA-4C9D-911D-5A8FF1DA58F9}.Debug|Any CPU.ActiveCfg = Debug|Any CPU
		{C3ED6A79-F7DA-4C9D-911D-5A8FF1DA58F9}.Debug|Any CPU.Build.0 = Debug|Any CPU
		{C3ED6A79-F7DA-4C9D-911D-5A8FF1DA58F9}.Release|Any CPU.ActiveCfg = Release|Any CPU
		{C3ED6A79-F7DA-4C9D-911D-5A8FF1DA58F9}.Release|Any CPU.Build.0 = Release|Any CPU
	EndGlobalSection
	GlobalSection(SolutionProperties) = preSolution
		HideSolutionNode = FALSE
	EndGlobalSection
	GlobalSection(ExtensibilityGlobals) = postSolution
		SolutionGuid = {450A4D7A-DDC0-4C50-B44B-0B1A1E3946CE}
	EndGlobalSection
EndGlobal
