
Microsoft Visual Studio Solution File, Format Version 12.00
# Visual Studio Version 16
VisualStudioVersion = 25.0.1704.4
MinimumVisualStudioVersion = 10.0.40219.1
Project("{2150E333-8FDC-42A3-9474-1A3956D46DE8}") = "Solution Items", "Solution Items", "{BA404C1C-7E97-49EC-B70B-4A66B42703C5}"
EndProject
Project("{2150E333-8FDC-42A3-9474-1A3956D46DE8}") = "Libraries", "Libraries", "{53E620DF-B9C1-4842-B9E8-DEEB152A8A57}"
EndProject
Project("{2150E333-8FDC-42A3-9474-1A3956D46DE8}") = "Ddd", "Ddd", "{346F4D3F-D3F0-46C1-A7E8-2FA78FE5B1C7}"
EndProject
Project("{FAE04EC0-301F-11D3-BF4B-00C04F79EFBC}") = "Ddd.Library", "Libraries\Ddd\Ddd.Library\Ddd.Library.csproj", "{91EB737D-2C68-4012-8B73-B335DD43097F}"
EndProject
Project("{FAE04EC0-301F-11D3-BF4B-00C04F79EFBC}") = "Ddd.Library.Test", "Libraries\Ddd\Ddd.Library.Test\Ddd.Library.Test.csproj", "{3A659751-DEED-4B5F-A754-2D8A037C386C}"
EndProject
Project("{2150E333-8FDC-42A3-9474-1A3956D46DE8}") = "BuildingBlocks", "BuildingBlocks", "{90C44AD8-28ED-4AB0-8F97-EC313934D873}"
EndProject
Project("{2150E333-8FDC-42A3-9474-1A3956D46DE8}") = "EventBus", "EventBus", "{E8AFFA35-2CA1-43B5-A1E6-C8CB48DF3831}"
EndProject
Project("{FAE04EC0-301F-11D3-BF4B-00C04F79EFBC}") = "EventBus", "BuildingBlocks\EventBus\EventBus\EventBus.csproj", "{E6A4F791-DAF5-4EAE-8CC5-4C063D334E03}"
EndProject
Project("{FAE04EC0-301F-11D3-BF4B-00C04F79EFBC}") = "EventBus.RabbitMQ", "BuildingBlocks\EventBus\EventBus.RabbitMQ\EventBus.RabbitMQ.csproj", "{EC8329CB-40A1-4E78-BE95-5E17E6475B8E}"
EndProject
Project("{2150E333-8FDC-42A3-9474-1A3956D46DE8}") = "Services", "Services", "{2B27D684-4CD1-4A75-9A3C-819F54149CC1}"
EndProject
Project("{2150E333-8FDC-42A3-9474-1A3956D46DE8}") = "Tags", "Tags", "{D07A6AA4-BA51-4AEF-9A31-6F607CE0E33A}"
EndProject
Project("{2150E333-8FDC-42A3-9474-1A3956D46DE8}") = "Users", "Users", "{E5DBAFE2-D548-4E69-BA13-C714557B0C36}"
EndProject
Project("{FAE04EC0-301F-11D3-BF4B-00C04F79EFBC}") = "Tags.Api", "Services\Tags\Tags.Api\Tags.Api.csproj", "{2BD2FA8A-9B86-4607-B2EE-CB66735C57A7}"
EndProject
Project("{FAE04EC0-301F-11D3-BF4B-00C04F79EFBC}") = "User.Api", "Services\Users\User.Api\User.Api.csproj", "{8FB66EA0-58A3-410A-9C3A-F2A170893EE2}"
EndProject
Global
	GlobalSection(SolutionConfigurationPlatforms) = preSolution
		Debug|Any CPU = Debug|Any CPU
		Release|Any CPU = Release|Any CPU
	EndGlobalSection
	GlobalSection(ProjectConfigurationPlatforms) = postSolution
		{87A8C0EB-1181-4A06-B682-FF54E951432A}.Debug|Any CPU.ActiveCfg = Debug|Any CPU
		{87A8C0EB-1181-4A06-B682-FF54E951432A}.Debug|Any CPU.Build.0 = Debug|Any CPU
		{87A8C0EB-1181-4A06-B682-FF54E951432A}.Release|Any CPU.ActiveCfg = Release|Any CPU
		{87A8C0EB-1181-4A06-B682-FF54E951432A}.Release|Any CPU.Build.0 = Release|Any CPU
		{91EB737D-2C68-4012-8B73-B335DD43097F}.Debug|Any CPU.ActiveCfg = Debug|Any CPU
		{91EB737D-2C68-4012-8B73-B335DD43097F}.Debug|Any CPU.Build.0 = Debug|Any CPU
		{91EB737D-2C68-4012-8B73-B335DD43097F}.Release|Any CPU.ActiveCfg = Release|Any CPU
		{91EB737D-2C68-4012-8B73-B335DD43097F}.Release|Any CPU.Build.0 = Release|Any CPU
		{3A659751-DEED-4B5F-A754-2D8A037C386C}.Debug|Any CPU.ActiveCfg = Debug|Any CPU
		{3A659751-DEED-4B5F-A754-2D8A037C386C}.Debug|Any CPU.Build.0 = Debug|Any CPU
		{3A659751-DEED-4B5F-A754-2D8A037C386C}.Release|Any CPU.ActiveCfg = Release|Any CPU
		{3A659751-DEED-4B5F-A754-2D8A037C386C}.Release|Any CPU.Build.0 = Release|Any CPU
		{E6A4F791-DAF5-4EAE-8CC5-4C063D334E03}.Debug|Any CPU.ActiveCfg = Debug|Any CPU
		{E6A4F791-DAF5-4EAE-8CC5-4C063D334E03}.Debug|Any CPU.Build.0 = Debug|Any CPU
		{E6A4F791-DAF5-4EAE-8CC5-4C063D334E03}.Release|Any CPU.ActiveCfg = Release|Any CPU
		{E6A4F791-DAF5-4EAE-8CC5-4C063D334E03}.Release|Any CPU.Build.0 = Release|Any CPU
		{DA10C075-BB60-4354-9E9C-1695EB8F770D}.Debug|Any CPU.ActiveCfg = Debug|Any CPU
		{DA10C075-BB60-4354-9E9C-1695EB8F770D}.Debug|Any CPU.Build.0 = Debug|Any CPU
		{DA10C075-BB60-4354-9E9C-1695EB8F770D}.Release|Any CPU.ActiveCfg = Release|Any CPU
		{DA10C075-BB60-4354-9E9C-1695EB8F770D}.Release|Any CPU.Build.0 = Release|Any CPU
		{848DE5EE-A6B5-4457-9EC4-12367AA72B7A}.Debug|Any CPU.ActiveCfg = Debug|Any CPU
		{848DE5EE-A6B5-4457-9EC4-12367AA72B7A}.Debug|Any CPU.Build.0 = Debug|Any CPU
		{848DE5EE-A6B5-4457-9EC4-12367AA72B7A}.Release|Any CPU.ActiveCfg = Release|Any CPU
		{848DE5EE-A6B5-4457-9EC4-12367AA72B7A}.Release|Any CPU.Build.0 = Release|Any CPU
		{EC8329CB-40A1-4E78-BE95-5E17E6475B8E}.Debug|Any CPU.ActiveCfg = Debug|Any CPU
		{EC8329CB-40A1-4E78-BE95-5E17E6475B8E}.Debug|Any CPU.Build.0 = Debug|Any CPU
		{EC8329CB-40A1-4E78-BE95-5E17E6475B8E}.Release|Any CPU.ActiveCfg = Release|Any CPU
		{EC8329CB-40A1-4E78-BE95-5E17E6475B8E}.Release|Any CPU.Build.0 = Release|Any CPU
		{2BD2FA8A-9B86-4607-B2EE-CB66735C57A7}.Debug|Any CPU.ActiveCfg = Debug|Any CPU
		{2BD2FA8A-9B86-4607-B2EE-CB66735C57A7}.Debug|Any CPU.Build.0 = Debug|Any CPU
		{2BD2FA8A-9B86-4607-B2EE-CB66735C57A7}.Release|Any CPU.ActiveCfg = Release|Any CPU
		{2BD2FA8A-9B86-4607-B2EE-CB66735C57A7}.Release|Any CPU.Build.0 = Release|Any CPU
		{8FB66EA0-58A3-410A-9C3A-F2A170893EE2}.Debug|Any CPU.ActiveCfg = Debug|Any CPU
		{8FB66EA0-58A3-410A-9C3A-F2A170893EE2}.Debug|Any CPU.Build.0 = Debug|Any CPU
		{8FB66EA0-58A3-410A-9C3A-F2A170893EE2}.Release|Any CPU.ActiveCfg = Release|Any CPU
		{8FB66EA0-58A3-410A-9C3A-F2A170893EE2}.Release|Any CPU.Build.0 = Release|Any CPU
	EndGlobalSection
	GlobalSection(SolutionProperties) = preSolution
		HideSolutionNode = FALSE
	EndGlobalSection
	GlobalSection(ExtensibilityGlobals) = postSolution
		SolutionGuid = {A75AC20E-4B46-4E0F-AB08-4A981C600163}
	EndGlobalSection
	GlobalSection(NestedProjects) = preSolution
		{A496EA99-FE9B-4935-A68B-99F2AD13DC49} = {57BEBD9A-FAA3-45A3-AC68-4C5B7F012621}
		{2F242DC4-51CD-4D46-A5A1-B00DE7A40B93} = {57BEBD9A-FAA3-45A3-AC68-4C5B7F012621}
		{A6F17028-4AA4-42A6-AA19-32F39847EB9A} = {57BEBD9A-FAA3-45A3-AC68-4C5B7F012621}
		{E1DF0DB1-8BA8-47AE-876B-9A45602583C7} = {57BEBD9A-FAA3-45A3-AC68-4C5B7F012621}
		{0AEB737B-00DB-4BCE-AD01-8A5550F3C9A7} = {E1DF0DB1-8BA8-47AE-876B-9A45602583C7}
		{E9AD9110-D98C-4425-9489-78DFFE9D76CD} = {A6F17028-4AA4-42A6-AA19-32F39847EB9A}
		{87A8C0EB-1181-4A06-B682-FF54E951432A} = {E9AD9110-D98C-4425-9489-78DFFE9D76CD}
		{346F4D3F-D3F0-46C1-A7E8-2FA78FE5B1C7} = {53E620DF-B9C1-4842-B9E8-DEEB152A8A57}
		{91EB737D-2C68-4012-8B73-B335DD43097F} = {346F4D3F-D3F0-46C1-A7E8-2FA78FE5B1C7}
		{3A659751-DEED-4B5F-A754-2D8A037C386C} = {346F4D3F-D3F0-46C1-A7E8-2FA78FE5B1C7}
		{E8AFFA35-2CA1-43B5-A1E6-C8CB48DF3831} = {90C44AD8-28ED-4AB0-8F97-EC313934D873}
		{E6A4F791-DAF5-4EAE-8CC5-4C063D334E03} = {E8AFFA35-2CA1-43B5-A1E6-C8CB48DF3831}
		{DA10C075-BB60-4354-9E9C-1695EB8F770D} = {E8AFFA35-2CA1-43B5-A1E6-C8CB48DF3831}
		{848DE5EE-A6B5-4457-9EC4-12367AA72B7A} = {E8AFFA35-2CA1-43B5-A1E6-C8CB48DF3831}
		{EC8329CB-40A1-4E78-BE95-5E17E6475B8E} = {E8AFFA35-2CA1-43B5-A1E6-C8CB48DF3831}
		{D07A6AA4-BA51-4AEF-9A31-6F607CE0E33A} = {2B27D684-4CD1-4A75-9A3C-819F54149CC1}
		{E5DBAFE2-D548-4E69-BA13-C714557B0C36} = {2B27D684-4CD1-4A75-9A3C-819F54149CC1}
		{2BD2FA8A-9B86-4607-B2EE-CB66735C57A7} = {D07A6AA4-BA51-4AEF-9A31-6F607CE0E33A}
		{8FB66EA0-58A3-410A-9C3A-F2A170893EE2} = {E5DBAFE2-D548-4E69-BA13-C714557B0C36}
	EndGlobalSection
EndGlobal
