
Microsoft Visual Studio Solution File, Format Version 12.00
# Visual Studio 15
VisualStudioVersion = 15.0.28010.2026
MinimumVisualStudioVersion = 10.0.40219.1
Project("{FAE04EC0-301F-11D3-BF4B-00C04F79EFBC}") = "BeyondNet.Demo.Quartz.App", "BeyondNet.Demo.Quartz.App\BeyondNet.Demo.Quartz.App.csproj", "{B2B3670A-7021-4B23-831F-1ABC50578C6B}"
EndProject
Project("{FAE04EC0-301F-11D3-BF4B-00C04F79EFBC}") = "BeyondNet.Demo.Quartz.Core", "BeyondNet.Demo.Quartz.Core\BeyondNet.Demo.Quartz.Core.csproj", "{625147C3-A4B5-4150-A821-90DC632D4895}"
EndProject
Project("{FAE04EC0-301F-11D3-BF4B-00C04F79EFBC}") = "BeyondNet.Demo.Quartz.TopShelf", "BeyondNet.Demo.Quartz.TopShelf\BeyondNet.Demo.Quartz.TopShelf.csproj", "{751250DC-BB45-42FA-9E48-70ACCDDC1A16}"
EndProject
Global
	GlobalSection(SolutionConfigurationPlatforms) = preSolution
		Debug|Any CPU = Debug|Any CPU
		Release|Any CPU = Release|Any CPU
	EndGlobalSection
	GlobalSection(ProjectConfigurationPlatforms) = postSolution
		{B2B3670A-7021-4B23-831F-1ABC50578C6B}.Debug|Any CPU.ActiveCfg = Debug|Any CPU
		{B2B3670A-7021-4B23-831F-1ABC50578C6B}.Debug|Any CPU.Build.0 = Debug|Any CPU
		{B2B3670A-7021-4B23-831F-1ABC50578C6B}.Release|Any CPU.ActiveCfg = Release|Any CPU
		{B2B3670A-7021-4B23-831F-1ABC50578C6B}.Release|Any CPU.Build.0 = Release|Any CPU
		{625147C3-A4B5-4150-A821-90DC632D4895}.Debug|Any CPU.ActiveCfg = Debug|Any CPU
		{625147C3-A4B5-4150-A821-90DC632D4895}.Debug|Any CPU.Build.0 = Debug|Any CPU
		{625147C3-A4B5-4150-A821-90DC632D4895}.Release|Any CPU.ActiveCfg = Release|Any CPU
		{625147C3-A4B5-4150-A821-90DC632D4895}.Release|Any CPU.Build.0 = Release|Any CPU
		{751250DC-BB45-42FA-9E48-70ACCDDC1A16}.Debug|Any CPU.ActiveCfg = Debug|Any CPU
		{751250DC-BB45-42FA-9E48-70ACCDDC1A16}.Debug|Any CPU.Build.0 = Debug|Any CPU
		{751250DC-BB45-42FA-9E48-70ACCDDC1A16}.Release|Any CPU.ActiveCfg = Release|Any CPU
		{751250DC-BB45-42FA-9E48-70ACCDDC1A16}.Release|Any CPU.Build.0 = Release|Any CPU
	EndGlobalSection
	GlobalSection(SolutionProperties) = preSolution
		HideSolutionNode = FALSE
	EndGlobalSection
	GlobalSection(ExtensibilityGlobals) = postSolution
		SolutionGuid = {706389A8-8A39-4EB0-A552-F36E8302EC36}
	EndGlobalSection
EndGlobal
