
Microsoft Visual Studio Solution File, Format Version 12.00
# Visual Studio 15
VisualStudioVersion = 15.0.27130.2036
MinimumVisualStudioVersion = 10.0.40219.1
Project("{FAE04EC0-301F-11D3-BF4B-00C04F79EFBC}") = "KeyRotation.Web", "KeyRotation.Web\KeyRotation.Web.csproj", "{0A68A1E4-313C-43F9-BC4B-35AAEB4517E0}"
EndProject
Global
	GlobalSection(SolutionConfigurationPlatforms) = preSolution
		Debug|Any CPU = Debug|Any CPU
		Release|Any CPU = Release|Any CPU
	EndGlobalSection
	GlobalSection(ProjectConfigurationPlatforms) = postSolution
		{0A68A1E4-313C-43F9-BC4B-35AAEB4517E0}.Debug|Any CPU.ActiveCfg = Debug|Any CPU
		{0A68A1E4-313C-43F9-BC4B-35AAEB4517E0}.Debug|Any CPU.Build.0 = Debug|Any CPU
		{0A68A1E4-313C-43F9-BC4B-35AAEB4517E0}.Release|Any CPU.ActiveCfg = Release|Any CPU
		{0A68A1E4-313C-43F9-BC4B-35AAEB4517E0}.Release|Any CPU.Build.0 = Release|Any CPU
	EndGlobalSection
	GlobalSection(SolutionProperties) = preSolution
		HideSolutionNode = FALSE
	EndGlobalSection
	GlobalSection(ExtensibilityGlobals) = postSolution
		SolutionGuid = {D96D452F-00C6-441C-B1ED-7CB28CBF769E}
	EndGlobalSection
EndGlobal
