
Microsoft Visual Studio Solution File, Format Version 12.00
# Visual Studio Version 16
VisualStudioVersion = 16.0.29215.179
MinimumVisualStudioVersion = 10.0.40219.1
Project("{9A19103F-16F7-4668-BE54-9A1E7A4F7556}") = "OrderManagement.Service", "OrderManagement.Service\OrderManagement.Service.csproj", "{EA83635F-3C22-44AA-9025-14E2EB278350}"
EndProject
Project("{9A19103F-16F7-4668-BE54-9A1E7A4F7556}") = "OrderManagement.Domain", "OrderManagement.Domain\OrderManagement.Domain.csproj", "{07ABC3E0-CDE1-4086-B35C-CB79C883A385}"
EndProject
Project("{9A19103F-16F7-4668-BE54-9A1E7A4F7556}") = "OrderManagement.Contracts", "OrderManagement.Contracts\OrderManagement.Contracts.csproj", "{9E0CC94D-A514-498E-8F5D-1D262F71FFEB}"
EndProject
Project("{9A19103F-16F7-4668-BE54-9A1E7A4F7556}") = "OrderManagement.Application", "OrderManagement.Application\OrderManagement.Application.csproj", "{948EA2A4-ABFB-4F18-AE3A-8148EE27C260}"
EndProject
Project("{9A19103F-16F7-4668-BE54-9A1E7A4F7556}") = "OrderManagement.Infrastructure", "OrderManagement.Infrastructure\OrderManagement.Infrastructure.csproj", "{0098CE27-436C-43F0-AAA0-1DFB1C6F7DB0}"
EndProject
Project("{FAE04EC0-301F-11D3-BF4B-00C04F79EFBC}") = "OrderManagement.Application.Interfaces", "OrderManagement.Application.Interfaces\OrderManagement.Application.Interfaces.csproj", "{B3E4F23B-B807-4D3E-9895-E42600E0316A}"
EndProject
Global
	GlobalSection(SolutionConfigurationPlatforms) = preSolution
		Debug|Any CPU = Debug|Any CPU
		Release|Any CPU = Release|Any CPU
	EndGlobalSection
	GlobalSection(ProjectConfigurationPlatforms) = postSolution
		{EA83635F-3C22-44AA-9025-14E2EB278350}.Debug|Any CPU.ActiveCfg = Debug|Any CPU
		{EA83635F-3C22-44AA-9025-14E2EB278350}.Debug|Any CPU.Build.0 = Debug|Any CPU
		{EA83635F-3C22-44AA-9025-14E2EB278350}.Release|Any CPU.ActiveCfg = Release|Any CPU
		{EA83635F-3C22-44AA-9025-14E2EB278350}.Release|Any CPU.Build.0 = Release|Any CPU
		{07ABC3E0-CDE1-4086-B35C-CB79C883A385}.Debug|Any CPU.ActiveCfg = Debug|Any CPU
		{07ABC3E0-CDE1-4086-B35C-CB79C883A385}.Debug|Any CPU.Build.0 = Debug|Any CPU
		{07ABC3E0-CDE1-4086-B35C-CB79C883A385}.Release|Any CPU.ActiveCfg = Release|Any CPU
		{07ABC3E0-CDE1-4086-B35C-CB79C883A385}.Release|Any CPU.Build.0 = Release|Any CPU
		{9E0CC94D-A514-498E-8F5D-1D262F71FFEB}.Debug|Any CPU.ActiveCfg = Debug|Any CPU
		{9E0CC94D-A514-498E-8F5D-1D262F71FFEB}.Debug|Any CPU.Build.0 = Debug|Any CPU
		{9E0CC94D-A514-498E-8F5D-1D262F71FFEB}.Release|Any CPU.ActiveCfg = Release|Any CPU
		{9E0CC94D-A514-498E-8F5D-1D262F71FFEB}.Release|Any CPU.Build.0 = Release|Any CPU
		{948EA2A4-ABFB-4F18-AE3A-8148EE27C260}.Debug|Any CPU.ActiveCfg = Debug|Any CPU
		{948EA2A4-ABFB-4F18-AE3A-8148EE27C260}.Debug|Any CPU.Build.0 = Debug|Any CPU
		{948EA2A4-ABFB-4F18-AE3A-8148EE27C260}.Release|Any CPU.ActiveCfg = Release|Any CPU
		{948EA2A4-ABFB-4F18-AE3A-8148EE27C260}.Release|Any CPU.Build.0 = Release|Any CPU
		{0098CE27-436C-43F0-AAA0-1DFB1C6F7DB0}.Debug|Any CPU.ActiveCfg = Debug|Any CPU
		{0098CE27-436C-43F0-AAA0-1DFB1C6F7DB0}.Debug|Any CPU.Build.0 = Debug|Any CPU
		{0098CE27-436C-43F0-AAA0-1DFB1C6F7DB0}.Release|Any CPU.ActiveCfg = Release|Any CPU
		{0098CE27-436C-43F0-AAA0-1DFB1C6F7DB0}.Release|Any CPU.Build.0 = Release|Any CPU
		{B3E4F23B-B807-4D3E-9895-E42600E0316A}.Debug|Any CPU.ActiveCfg = Debug|Any CPU
		{B3E4F23B-B807-4D3E-9895-E42600E0316A}.Debug|Any CPU.Build.0 = Debug|Any CPU
		{B3E4F23B-B807-4D3E-9895-E42600E0316A}.Release|Any CPU.ActiveCfg = Release|Any CPU
		{B3E4F23B-B807-4D3E-9895-E42600E0316A}.Release|Any CPU.Build.0 = Release|Any CPU
	EndGlobalSection
	GlobalSection(SolutionProperties) = preSolution
		HideSolutionNode = FALSE
	EndGlobalSection
	GlobalSection(ExtensibilityGlobals) = postSolution
		SolutionGuid = {87003BE7-DB35-45A7-9FB3-9B0FA861E5FB}
	EndGlobalSection
EndGlobal
