
Microsoft Visual Studio Solution File, Format Version 12.00
# Visual Studio Version 17
VisualStudioVersion = 17.1.32328.378
MinimumVisualStudioVersion = 10.0.40219.1
Project("{FAE04EC0-301F-11D3-BF4B-00C04F79EFBC}") = "GrainInterfaces", "GrainInterfaces\GrainInterfaces.csproj", "{4B15B095-A4FA-4A29-AD2E-BD82FF2BE43C}"
EndProject
Project("{FAE04EC0-301F-11D3-BF4B-00C04F79EFBC}") = "Grains", "Grains\Grains.csproj", "{7D41D244-ED0E-498C-B837-EBDA9020C762}"
EndProject
Project("{FAE04EC0-301F-11D3-BF4B-00C04F79EFBC}") = "Silo", "Silo\Silo.csproj", "{24534943-389C-4020-AE94-72EB14F3BC67}"
EndProject
Project("{FAE04EC0-301F-11D3-BF4B-00C04F79EFBC}") = "Client", "Client\Client.csproj", "{903E87F7-FE8E-41A8-8B6F-E1D601BF045A}"
EndProject
Global
	GlobalSection(SolutionConfigurationPlatforms) = preSolution
		Debug|Any CPU = Debug|Any CPU
		Release|Any CPU = Release|Any CPU
	EndGlobalSection
	GlobalSection(ProjectConfigurationPlatforms) = postSolution
		{4B15B095-A4FA-4A29-AD2E-BD82FF2BE43C}.Debug|Any CPU.ActiveCfg = Debug|Any CPU
		{4B15B095-A4FA-4A29-AD2E-BD82FF2BE43C}.Debug|Any CPU.Build.0 = Debug|Any CPU
		{4B15B095-A4FA-4A29-AD2E-BD82FF2BE43C}.Release|Any CPU.ActiveCfg = Release|Any CPU
		{4B15B095-A4FA-4A29-AD2E-BD82FF2BE43C}.Release|Any CPU.Build.0 = Release|Any CPU
		{7D41D244-ED0E-498C-B837-EBDA9020C762}.Debug|Any CPU.ActiveCfg = Debug|Any CPU
		{7D41D244-ED0E-498C-B837-EBDA9020C762}.Debug|Any CPU.Build.0 = Debug|Any CPU
		{7D41D244-ED0E-498C-B837-EBDA9020C762}.Release|Any CPU.ActiveCfg = Release|Any CPU
		{7D41D244-ED0E-498C-B837-EBDA9020C762}.Release|Any CPU.Build.0 = Release|Any CPU
		{24534943-389C-4020-AE94-72EB14F3BC67}.Debug|Any CPU.ActiveCfg = Debug|Any CPU
		{24534943-389C-4020-AE94-72EB14F3BC67}.Debug|Any CPU.Build.0 = Debug|Any CPU
		{24534943-389C-4020-AE94-72EB14F3BC67}.Release|Any CPU.ActiveCfg = Release|Any CPU
		{24534943-389C-4020-AE94-72EB14F3BC67}.Release|Any CPU.Build.0 = Release|Any CPU
		{903E87F7-FE8E-41A8-8B6F-E1D601BF045A}.Debug|Any CPU.ActiveCfg = Debug|Any CPU
		{903E87F7-FE8E-41A8-8B6F-E1D601BF045A}.Debug|Any CPU.Build.0 = Debug|Any CPU
		{903E87F7-FE8E-41A8-8B6F-E1D601BF045A}.Release|Any CPU.ActiveCfg = Release|Any CPU
		{903E87F7-FE8E-41A8-8B6F-E1D601BF045A}.Release|Any CPU.Build.0 = Release|Any CPU
	EndGlobalSection
	GlobalSection(SolutionProperties) = preSolution
		HideSolutionNode = FALSE
	EndGlobalSection
	GlobalSection(ExtensibilityGlobals) = postSolution
		SolutionGuid = {7491E19E-A4AB-46EB-A77A-A07A2D2695C3}
	EndGlobalSection
EndGlobal
